
Microsoft Visual Studio Solution File, Format Version 12.00
# Visual Studio 14
VisualStudioVersion = 14.0.25420.1
MinimumVisualStudioVersion = 10.0.40219.1
Project("{FAE04EC0-301F-11D3-BF4B-00C04F79EFBC}") = "Samples", "Samples\Samples\Samples.csproj", "{36F8E482-50D6-4078-9997-2C183F69649F}"
EndProject
Project("{FAE04EC0-301F-11D3-BF4B-00C04F79EFBC}") = "Samples.GTK", "Samples\Samples.GTK\Samples.GTK.csproj", "{9AADBADD-ED7A-4AFB-9AC8-E2AB4D31B8AF}"
EndProject
Project("{2150E333-8FDC-42A3-9474-1A3956D46DE8}") = "Samples", "Samples", "{E117C5B7-33E6-4684-BAB1-351E6CE643C4}"
EndProject
Project("{2150E333-8FDC-42A3-9474-1A3956D46DE8}") = "Controls", "Controls", "{82C8F1EF-E93B-44B8-B0E5-2EC88D38AC0D}"
EndProject
Project("{FAE04EC0-301F-11D3-BF4B-00C04F79EFBC}") = "Controls", "..\src\Controls\Controls\Controls.csproj", "{62024075-D750-4A52-B37B-60301E9CB25A}"
EndProject
Project("{FAE04EC0-301F-11D3-BF4B-00C04F79EFBC}") = "Controls.GTK", "..\src\Controls\Controls.GTK\Controls.GTK.csproj", "{C7C5BCCB-9CF6-44CB-BFDF-4C72A8305B13}"
EndProject
Global
	GlobalSection(SolutionConfigurationPlatforms) = preSolution
		Ad-Hoc|Any CPU = Ad-Hoc|Any CPU
		Ad-Hoc|ARM = Ad-Hoc|ARM
		Ad-Hoc|iPhone = Ad-Hoc|iPhone
		Ad-Hoc|iPhoneSimulator = Ad-Hoc|iPhoneSimulator
		Ad-Hoc|x64 = Ad-Hoc|x64
		Ad-Hoc|x86 = Ad-Hoc|x86
		AppStore|Any CPU = AppStore|Any CPU
		AppStore|ARM = AppStore|ARM
		AppStore|iPhone = AppStore|iPhone
		AppStore|iPhoneSimulator = AppStore|iPhoneSimulator
		AppStore|x64 = AppStore|x64
		AppStore|x86 = AppStore|x86
		Debug|Any CPU = Debug|Any CPU
		Debug|ARM = Debug|ARM
		Debug|iPhone = Debug|iPhone
		Debug|iPhoneSimulator = Debug|iPhoneSimulator
		Debug|x64 = Debug|x64
		Debug|x86 = Debug|x86
		Release|Any CPU = Release|Any CPU
		Release|ARM = Release|ARM
		Release|iPhone = Release|iPhone
		Release|iPhoneSimulator = Release|iPhoneSimulator
		Release|x64 = Release|x64
		Release|x86 = Release|x86
	EndGlobalSection
	GlobalSection(ProjectConfigurationPlatforms) = postSolution
		{36F8E482-50D6-4078-9997-2C183F69649F}.Ad-Hoc|Any CPU.ActiveCfg = Release|Any CPU
		{36F8E482-50D6-4078-9997-2C183F69649F}.Ad-Hoc|Any CPU.Build.0 = Release|Any CPU
		{36F8E482-50D6-4078-9997-2C183F69649F}.Ad-Hoc|ARM.ActiveCfg = Release|Any CPU
		{36F8E482-50D6-4078-9997-2C183F69649F}.Ad-Hoc|ARM.Build.0 = Release|Any CPU
		{36F8E482-50D6-4078-9997-2C183F69649F}.Ad-Hoc|iPhone.ActiveCfg = Release|Any CPU
		{36F8E482-50D6-4078-9997-2C183F69649F}.Ad-Hoc|iPhone.Build.0 = Release|Any CPU
		{36F8E482-50D6-4078-9997-2C183F69649F}.Ad-Hoc|iPhoneSimulator.ActiveCfg = Release|Any CPU
		{36F8E482-50D6-4078-9997-2C183F69649F}.Ad-Hoc|iPhoneSimulator.Build.0 = Release|Any CPU
		{36F8E482-50D6-4078-9997-2C183F69649F}.Ad-Hoc|x64.ActiveCfg = Release|Any CPU
		{36F8E482-50D6-4078-9997-2C183F69649F}.Ad-Hoc|x64.Build.0 = Release|Any CPU
		{36F8E482-50D6-4078-9997-2C183F69649F}.Ad-Hoc|x86.ActiveCfg = Release|Any CPU
		{36F8E482-50D6-4078-9997-2C183F69649F}.Ad-Hoc|x86.Build.0 = Release|Any CPU
		{36F8E482-50D6-4078-9997-2C183F69649F}.AppStore|Any CPU.ActiveCfg = Release|Any CPU
		{36F8E482-50D6-4078-9997-2C183F69649F}.AppStore|Any CPU.Build.0 = Release|Any CPU
		{36F8E482-50D6-4078-9997-2C183F69649F}.AppStore|ARM.ActiveCfg = Release|Any CPU
		{36F8E482-50D6-4078-9997-2C183F69649F}.AppStore|ARM.Build.0 = Release|Any CPU
		{36F8E482-50D6-4078-9997-2C183F69649F}.AppStore|iPhone.ActiveCfg = Release|Any CPU
		{36F8E482-50D6-4078-9997-2C183F69649F}.AppStore|iPhone.Build.0 = Release|Any CPU
		{36F8E482-50D6-4078-9997-2C183F69649F}.AppStore|iPhoneSimulator.ActiveCfg = Release|Any CPU
		{36F8E482-50D6-4078-9997-2C183F69649F}.AppStore|iPhoneSimulator.Build.0 = Release|Any CPU
		{36F8E482-50D6-4078-9997-2C183F69649F}.AppStore|x64.ActiveCfg = Release|Any CPU
		{36F8E482-50D6-4078-9997-2C183F69649F}.AppStore|x64.Build.0 = Release|Any CPU
		{36F8E482-50D6-4078-9997-2C183F69649F}.AppStore|x86.ActiveCfg = Release|Any CPU
		{36F8E482-50D6-4078-9997-2C183F69649F}.AppStore|x86.Build.0 = Release|Any CPU
		{36F8E482-50D6-4078-9997-2C183F69649F}.Debug|Any CPU.ActiveCfg = Debug|Any CPU
		{36F8E482-50D6-4078-9997-2C183F69649F}.Debug|Any CPU.Build.0 = Debug|Any CPU
		{36F8E482-50D6-4078-9997-2C183F69649F}.Debug|ARM.ActiveCfg = Debug|Any CPU
		{36F8E482-50D6-4078-9997-2C183F69649F}.Debug|ARM.Build.0 = Debug|Any CPU
		{36F8E482-50D6-4078-9997-2C183F69649F}.Debug|iPhone.ActiveCfg = Debug|Any CPU
		{36F8E482-50D6-4078-9997-2C183F69649F}.Debug|iPhone.Build.0 = Debug|Any CPU
		{36F8E482-50D6-4078-9997-2C183F69649F}.Debug|iPhoneSimulator.ActiveCfg = Debug|Any CPU
		{36F8E482-50D6-4078-9997-2C183F69649F}.Debug|iPhoneSimulator.Build.0 = Debug|Any CPU
		{36F8E482-50D6-4078-9997-2C183F69649F}.Debug|x64.ActiveCfg = Debug|Any CPU
		{36F8E482-50D6-4078-9997-2C183F69649F}.Debug|x64.Build.0 = Debug|Any CPU
		{36F8E482-50D6-4078-9997-2C183F69649F}.Debug|x86.ActiveCfg = Debug|Any CPU
		{36F8E482-50D6-4078-9997-2C183F69649F}.Debug|x86.Build.0 = Debug|Any CPU
		{36F8E482-50D6-4078-9997-2C183F69649F}.Release|Any CPU.ActiveCfg = Release|Any CPU
		{36F8E482-50D6-4078-9997-2C183F69649F}.Release|Any CPU.Build.0 = Release|Any CPU
		{36F8E482-50D6-4078-9997-2C183F69649F}.Release|ARM.ActiveCfg = Release|Any CPU
		{36F8E482-50D6-4078-9997-2C183F69649F}.Release|ARM.Build.0 = Release|Any CPU
		{36F8E482-50D6-4078-9997-2C183F69649F}.Release|iPhone.ActiveCfg = Release|Any CPU
		{36F8E482-50D6-4078-9997-2C183F69649F}.Release|iPhone.Build.0 = Release|Any CPU
		{36F8E482-50D6-4078-9997-2C183F69649F}.Release|iPhoneSimulator.ActiveCfg = Release|Any CPU
		{36F8E482-50D6-4078-9997-2C183F69649F}.Release|iPhoneSimulator.Build.0 = Release|Any CPU
		{36F8E482-50D6-4078-9997-2C183F69649F}.Release|x64.ActiveCfg = Release|Any CPU
		{36F8E482-50D6-4078-9997-2C183F69649F}.Release|x64.Build.0 = Release|Any CPU
		{36F8E482-50D6-4078-9997-2C183F69649F}.Release|x86.ActiveCfg = Release|Any CPU
		{36F8E482-50D6-4078-9997-2C183F69649F}.Release|x86.Build.0 = Release|Any CPU
		{9AADBADD-ED7A-4AFB-9AC8-E2AB4D31B8AF}.Ad-Hoc|Any CPU.ActiveCfg = Release|Any CPU
		{9AADBADD-ED7A-4AFB-9AC8-E2AB4D31B8AF}.Ad-Hoc|Any CPU.Build.0 = Release|Any CPU
		{9AADBADD-ED7A-4AFB-9AC8-E2AB4D31B8AF}.Ad-Hoc|ARM.ActiveCfg = Release|Any CPU
		{9AADBADD-ED7A-4AFB-9AC8-E2AB4D31B8AF}.Ad-Hoc|ARM.Build.0 = Release|Any CPU
		{9AADBADD-ED7A-4AFB-9AC8-E2AB4D31B8AF}.Ad-Hoc|iPhone.ActiveCfg = Release|Any CPU
		{9AADBADD-ED7A-4AFB-9AC8-E2AB4D31B8AF}.Ad-Hoc|iPhone.Build.0 = Release|Any CPU
		{9AADBADD-ED7A-4AFB-9AC8-E2AB4D31B8AF}.Ad-Hoc|iPhoneSimulator.ActiveCfg = Release|Any CPU
		{9AADBADD-ED7A-4AFB-9AC8-E2AB4D31B8AF}.Ad-Hoc|iPhoneSimulator.Build.0 = Release|Any CPU
		{9AADBADD-ED7A-4AFB-9AC8-E2AB4D31B8AF}.Ad-Hoc|x64.ActiveCfg = Release|Any CPU
		{9AADBADD-ED7A-4AFB-9AC8-E2AB4D31B8AF}.Ad-Hoc|x64.Build.0 = Release|Any CPU
		{9AADBADD-ED7A-4AFB-9AC8-E2AB4D31B8AF}.Ad-Hoc|x86.ActiveCfg = Release|Any CPU
		{9AADBADD-ED7A-4AFB-9AC8-E2AB4D31B8AF}.Ad-Hoc|x86.Build.0 = Release|Any CPU
		{9AADBADD-ED7A-4AFB-9AC8-E2AB4D31B8AF}.AppStore|Any CPU.ActiveCfg = Release|Any CPU
		{9AADBADD-ED7A-4AFB-9AC8-E2AB4D31B8AF}.AppStore|Any CPU.Build.0 = Release|Any CPU
		{9AADBADD-ED7A-4AFB-9AC8-E2AB4D31B8AF}.AppStore|ARM.ActiveCfg = Release|Any CPU
		{9AADBADD-ED7A-4AFB-9AC8-E2AB4D31B8AF}.AppStore|ARM.Build.0 = Release|Any CPU
		{9AADBADD-ED7A-4AFB-9AC8-E2AB4D31B8AF}.AppStore|iPhone.ActiveCfg = Release|Any CPU
		{9AADBADD-ED7A-4AFB-9AC8-E2AB4D31B8AF}.AppStore|iPhone.Build.0 = Release|Any CPU
		{9AADBADD-ED7A-4AFB-9AC8-E2AB4D31B8AF}.AppStore|iPhoneSimulator.ActiveCfg = Release|Any CPU
		{9AADBADD-ED7A-4AFB-9AC8-E2AB4D31B8AF}.AppStore|iPhoneSimulator.Build.0 = Release|Any CPU
		{9AADBADD-ED7A-4AFB-9AC8-E2AB4D31B8AF}.AppStore|x64.ActiveCfg = Release|Any CPU
		{9AADBADD-ED7A-4AFB-9AC8-E2AB4D31B8AF}.AppStore|x64.Build.0 = Release|Any CPU
		{9AADBADD-ED7A-4AFB-9AC8-E2AB4D31B8AF}.AppStore|x86.ActiveCfg = Release|Any CPU
		{9AADBADD-ED7A-4AFB-9AC8-E2AB4D31B8AF}.AppStore|x86.Build.0 = Release|Any CPU
		{9AADBADD-ED7A-4AFB-9AC8-E2AB4D31B8AF}.Debug|Any CPU.ActiveCfg = Debug|Any CPU
		{9AADBADD-ED7A-4AFB-9AC8-E2AB4D31B8AF}.Debug|Any CPU.Build.0 = Debug|Any CPU
		{9AADBADD-ED7A-4AFB-9AC8-E2AB4D31B8AF}.Debug|ARM.ActiveCfg = Debug|Any CPU
		{9AADBADD-ED7A-4AFB-9AC8-E2AB4D31B8AF}.Debug|ARM.Build.0 = Debug|Any CPU
		{9AADBADD-ED7A-4AFB-9AC8-E2AB4D31B8AF}.Debug|iPhone.ActiveCfg = Debug|Any CPU
		{9AADBADD-ED7A-4AFB-9AC8-E2AB4D31B8AF}.Debug|iPhone.Build.0 = Debug|Any CPU
		{9AADBADD-ED7A-4AFB-9AC8-E2AB4D31B8AF}.Debug|iPhoneSimulator.ActiveCfg = Debug|Any CPU
		{9AADBADD-ED7A-4AFB-9AC8-E2AB4D31B8AF}.Debug|iPhoneSimulator.Build.0 = Debug|Any CPU
		{9AADBADD-ED7A-4AFB-9AC8-E2AB4D31B8AF}.Debug|x64.ActiveCfg = Debug|Any CPU
		{9AADBADD-ED7A-4AFB-9AC8-E2AB4D31B8AF}.Debug|x64.Build.0 = Debug|Any CPU
		{9AADBADD-ED7A-4AFB-9AC8-E2AB4D31B8AF}.Debug|x86.ActiveCfg = Debug|Any CPU
		{9AADBADD-ED7A-4AFB-9AC8-E2AB4D31B8AF}.Debug|x86.Build.0 = Debug|Any CPU
		{9AADBADD-ED7A-4AFB-9AC8-E2AB4D31B8AF}.Release|Any CPU.ActiveCfg = Release|Any CPU
		{9AADBADD-ED7A-4AFB-9AC8-E2AB4D31B8AF}.Release|Any CPU.Build.0 = Release|Any CPU
		{9AADBADD-ED7A-4AFB-9AC8-E2AB4D31B8AF}.Release|ARM.ActiveCfg = Release|Any CPU
		{9AADBADD-ED7A-4AFB-9AC8-E2AB4D31B8AF}.Release|ARM.Build.0 = Release|Any CPU
		{9AADBADD-ED7A-4AFB-9AC8-E2AB4D31B8AF}.Release|iPhone.ActiveCfg = Release|Any CPU
		{9AADBADD-ED7A-4AFB-9AC8-E2AB4D31B8AF}.Release|iPhone.Build.0 = Release|Any CPU
		{9AADBADD-ED7A-4AFB-9AC8-E2AB4D31B8AF}.Release|iPhoneSimulator.ActiveCfg = Release|Any CPU
		{9AADBADD-ED7A-4AFB-9AC8-E2AB4D31B8AF}.Release|iPhoneSimulator.Build.0 = Release|Any CPU
		{9AADBADD-ED7A-4AFB-9AC8-E2AB4D31B8AF}.Release|x64.ActiveCfg = Release|Any CPU
		{9AADBADD-ED7A-4AFB-9AC8-E2AB4D31B8AF}.Release|x64.Build.0 = Release|Any CPU
		{9AADBADD-ED7A-4AFB-9AC8-E2AB4D31B8AF}.Release|x86.ActiveCfg = Release|Any CPU
		{9AADBADD-ED7A-4AFB-9AC8-E2AB4D31B8AF}.Release|x86.Build.0 = Release|Any CPU
		{62024075-D750-4A52-B37B-60301E9CB25A}.Ad-Hoc|Any CPU.ActiveCfg = Release|Any CPU
		{62024075-D750-4A52-B37B-60301E9CB25A}.Ad-Hoc|Any CPU.Build.0 = Release|Any CPU
		{62024075-D750-4A52-B37B-60301E9CB25A}.Ad-Hoc|ARM.ActiveCfg = Release|Any CPU
		{62024075-D750-4A52-B37B-60301E9CB25A}.Ad-Hoc|ARM.Build.0 = Release|Any CPU
		{62024075-D750-4A52-B37B-60301E9CB25A}.Ad-Hoc|iPhone.ActiveCfg = Release|Any CPU
		{62024075-D750-4A52-B37B-60301E9CB25A}.Ad-Hoc|iPhone.Build.0 = Release|Any CPU
		{62024075-D750-4A52-B37B-60301E9CB25A}.Ad-Hoc|iPhoneSimulator.ActiveCfg = Release|Any CPU
		{62024075-D750-4A52-B37B-60301E9CB25A}.Ad-Hoc|iPhoneSimulator.Build.0 = Release|Any CPU
		{62024075-D750-4A52-B37B-60301E9CB25A}.Ad-Hoc|x64.ActiveCfg = Release|Any CPU
		{62024075-D750-4A52-B37B-60301E9CB25A}.Ad-Hoc|x64.Build.0 = Release|Any CPU
		{62024075-D750-4A52-B37B-60301E9CB25A}.Ad-Hoc|x86.ActiveCfg = Release|Any CPU
		{62024075-D750-4A52-B37B-60301E9CB25A}.Ad-Hoc|x86.Build.0 = Release|Any CPU
		{62024075-D750-4A52-B37B-60301E9CB25A}.AppStore|Any CPU.ActiveCfg = Release|Any CPU
		{62024075-D750-4A52-B37B-60301E9CB25A}.AppStore|Any CPU.Build.0 = Release|Any CPU
		{62024075-D750-4A52-B37B-60301E9CB25A}.AppStore|ARM.ActiveCfg = Release|Any CPU
		{62024075-D750-4A52-B37B-60301E9CB25A}.AppStore|ARM.Build.0 = Release|Any CPU
		{62024075-D750-4A52-B37B-60301E9CB25A}.AppStore|iPhone.ActiveCfg = Release|Any CPU
		{62024075-D750-4A52-B37B-60301E9CB25A}.AppStore|iPhone.Build.0 = Release|Any CPU
		{62024075-D750-4A52-B37B-60301E9CB25A}.AppStore|iPhoneSimulator.ActiveCfg = Release|Any CPU
		{62024075-D750-4A52-B37B-60301E9CB25A}.AppStore|iPhoneSimulator.Build.0 = Release|Any CPU
		{62024075-D750-4A52-B37B-60301E9CB25A}.AppStore|x64.ActiveCfg = Release|Any CPU
		{62024075-D750-4A52-B37B-60301E9CB25A}.AppStore|x64.Build.0 = Release|Any CPU
		{62024075-D750-4A52-B37B-60301E9CB25A}.AppStore|x86.ActiveCfg = Release|Any CPU
		{62024075-D750-4A52-B37B-60301E9CB25A}.AppStore|x86.Build.0 = Release|Any CPU
		{62024075-D750-4A52-B37B-60301E9CB25A}.Debug|Any CPU.ActiveCfg = Debug|Any CPU
		{62024075-D750-4A52-B37B-60301E9CB25A}.Debug|Any CPU.Build.0 = Debug|Any CPU
		{62024075-D750-4A52-B37B-60301E9CB25A}.Debug|ARM.ActiveCfg = Debug|Any CPU
		{62024075-D750-4A52-B37B-60301E9CB25A}.Debug|ARM.Build.0 = Debug|Any CPU
		{62024075-D750-4A52-B37B-60301E9CB25A}.Debug|iPhone.ActiveCfg = Debug|Any CPU
		{62024075-D750-4A52-B37B-60301E9CB25A}.Debug|iPhone.Build.0 = Debug|Any CPU
		{62024075-D750-4A52-B37B-60301E9CB25A}.Debug|iPhoneSimulator.ActiveCfg = Debug|Any CPU
		{62024075-D750-4A52-B37B-60301E9CB25A}.Debug|iPhoneSimulator.Build.0 = Debug|Any CPU
		{62024075-D750-4A52-B37B-60301E9CB25A}.Debug|x64.ActiveCfg = Debug|Any CPU
		{62024075-D750-4A52-B37B-60301E9CB25A}.Debug|x64.Build.0 = Debug|Any CPU
		{62024075-D750-4A52-B37B-60301E9CB25A}.Debug|x86.ActiveCfg = Debug|Any CPU
		{62024075-D750-4A52-B37B-60301E9CB25A}.Debug|x86.Build.0 = Debug|Any CPU
		{62024075-D750-4A52-B37B-60301E9CB25A}.Release|Any CPU.ActiveCfg = Release|Any CPU
		{62024075-D750-4A52-B37B-60301E9CB25A}.Release|Any CPU.Build.0 = Release|Any CPU
		{62024075-D750-4A52-B37B-60301E9CB25A}.Release|ARM.ActiveCfg = Release|Any CPU
		{62024075-D750-4A52-B37B-60301E9CB25A}.Release|ARM.Build.0 = Release|Any CPU
		{62024075-D750-4A52-B37B-60301E9CB25A}.Release|iPhone.ActiveCfg = Release|Any CPU
		{62024075-D750-4A52-B37B-60301E9CB25A}.Release|iPhone.Build.0 = Release|Any CPU
		{62024075-D750-4A52-B37B-60301E9CB25A}.Release|iPhoneSimulator.ActiveCfg = Release|Any CPU
		{62024075-D750-4A52-B37B-60301E9CB25A}.Release|iPhoneSimulator.Build.0 = Release|Any CPU
		{62024075-D750-4A52-B37B-60301E9CB25A}.Release|x64.ActiveCfg = Release|Any CPU
		{62024075-D750-4A52-B37B-60301E9CB25A}.Release|x64.Build.0 = Release|Any CPU
		{62024075-D750-4A52-B37B-60301E9CB25A}.Release|x86.ActiveCfg = Release|Any CPU
		{62024075-D750-4A52-B37B-60301E9CB25A}.Release|x86.Build.0 = Release|Any CPU
		{C7C5BCCB-9CF6-44CB-BFDF-4C72A8305B13}.Ad-Hoc|Any CPU.ActiveCfg = Release|Any CPU
		{C7C5BCCB-9CF6-44CB-BFDF-4C72A8305B13}.Ad-Hoc|Any CPU.Build.0 = Release|Any CPU
		{C7C5BCCB-9CF6-44CB-BFDF-4C72A8305B13}.Ad-Hoc|ARM.ActiveCfg = Release|Any CPU
		{C7C5BCCB-9CF6-44CB-BFDF-4C72A8305B13}.Ad-Hoc|ARM.Build.0 = Release|Any CPU
		{C7C5BCCB-9CF6-44CB-BFDF-4C72A8305B13}.Ad-Hoc|iPhone.ActiveCfg = Release|Any CPU
		{C7C5BCCB-9CF6-44CB-BFDF-4C72A8305B13}.Ad-Hoc|iPhone.Build.0 = Release|Any CPU
		{C7C5BCCB-9CF6-44CB-BFDF-4C72A8305B13}.Ad-Hoc|iPhoneSimulator.ActiveCfg = Release|Any CPU
		{C7C5BCCB-9CF6-44CB-BFDF-4C72A8305B13}.Ad-Hoc|iPhoneSimulator.Build.0 = Release|Any CPU
		{C7C5BCCB-9CF6-44CB-BFDF-4C72A8305B13}.Ad-Hoc|x64.ActiveCfg = Release|Any CPU
		{C7C5BCCB-9CF6-44CB-BFDF-4C72A8305B13}.Ad-Hoc|x64.Build.0 = Release|Any CPU
		{C7C5BCCB-9CF6-44CB-BFDF-4C72A8305B13}.Ad-Hoc|x86.ActiveCfg = Release|Any CPU
		{C7C5BCCB-9CF6-44CB-BFDF-4C72A8305B13}.Ad-Hoc|x86.Build.0 = Release|Any CPU
		{C7C5BCCB-9CF6-44CB-BFDF-4C72A8305B13}.AppStore|Any CPU.ActiveCfg = Release|Any CPU
		{C7C5BCCB-9CF6-44CB-BFDF-4C72A8305B13}.AppStore|Any CPU.Build.0 = Release|Any CPU
		{C7C5BCCB-9CF6-44CB-BFDF-4C72A8305B13}.AppStore|ARM.ActiveCfg = Release|Any CPU
		{C7C5BCCB-9CF6-44CB-BFDF-4C72A8305B13}.AppStore|ARM.Build.0 = Release|Any CPU
		{C7C5BCCB-9CF6-44CB-BFDF-4C72A8305B13}.AppStore|iPhone.ActiveCfg = Release|Any CPU
		{C7C5BCCB-9CF6-44CB-BFDF-4C72A8305B13}.AppStore|iPhone.Build.0 = Release|Any CPU
		{C7C5BCCB-9CF6-44CB-BFDF-4C72A8305B13}.AppStore|iPhoneSimulator.ActiveCfg = Release|Any CPU
		{C7C5BCCB-9CF6-44CB-BFDF-4C72A8305B13}.AppStore|iPhoneSimulator.Build.0 = Release|Any CPU
		{C7C5BCCB-9CF6-44CB-BFDF-4C72A8305B13}.AppStore|x64.ActiveCfg = Release|Any CPU
		{C7C5BCCB-9CF6-44CB-BFDF-4C72A8305B13}.AppStore|x64.Build.0 = Release|Any CPU
		{C7C5BCCB-9CF6-44CB-BFDF-4C72A8305B13}.AppStore|x86.ActiveCfg = Release|Any CPU
		{C7C5BCCB-9CF6-44CB-BFDF-4C72A8305B13}.AppStore|x86.Build.0 = Release|Any CPU
		{C7C5BCCB-9CF6-44CB-BFDF-4C72A8305B13}.Debug|Any CPU.ActiveCfg = Debug|Any CPU
		{C7C5BCCB-9CF6-44CB-BFDF-4C72A8305B13}.Debug|Any CPU.Build.0 = Debug|Any CPU
		{C7C5BCCB-9CF6-44CB-BFDF-4C72A8305B13}.Debug|ARM.ActiveCfg = Debug|Any CPU
		{C7C5BCCB-9CF6-44CB-BFDF-4C72A8305B13}.Debug|ARM.Build.0 = Debug|Any CPU
		{C7C5BCCB-9CF6-44CB-BFDF-4C72A8305B13}.Debug|iPhone.ActiveCfg = Debug|Any CPU
		{C7C5BCCB-9CF6-44CB-BFDF-4C72A8305B13}.Debug|iPhone.Build.0 = Debug|Any CPU
		{C7C5BCCB-9CF6-44CB-BFDF-4C72A8305B13}.Debug|iPhoneSimulator.ActiveCfg = Debug|Any CPU
		{C7C5BCCB-9CF6-44CB-BFDF-4C72A8305B13}.Debug|iPhoneSimulator.Build.0 = Debug|Any CPU
		{C7C5BCCB-9CF6-44CB-BFDF-4C72A8305B13}.Debug|x64.ActiveCfg = Debug|Any CPU
		{C7C5BCCB-9CF6-44CB-BFDF-4C72A8305B13}.Debug|x64.Build.0 = Debug|Any CPU
		{C7C5BCCB-9CF6-44CB-BFDF-4C72A8305B13}.Debug|x86.ActiveCfg = Debug|Any CPU
		{C7C5BCCB-9CF6-44CB-BFDF-4C72A8305B13}.Debug|x86.Build.0 = Debug|Any CPU
		{C7C5BCCB-9CF6-44CB-BFDF-4C72A8305B13}.Release|Any CPU.ActiveCfg = Release|Any CPU
		{C7C5BCCB-9CF6-44CB-BFDF-4C72A8305B13}.Release|Any CPU.Build.0 = Release|Any CPU
		{C7C5BCCB-9CF6-44CB-BFDF-4C72A8305B13}.Release|ARM.ActiveCfg = Release|Any CPU
		{C7C5BCCB-9CF6-44CB-BFDF-4C72A8305B13}.Release|ARM.Build.0 = Release|Any CPU
		{C7C5BCCB-9CF6-44CB-BFDF-4C72A8305B13}.Release|iPhone.ActiveCfg = Release|Any CPU
		{C7C5BCCB-9CF6-44CB-BFDF-4C72A8305B13}.Release|iPhone.Build.0 = Release|Any CPU
		{C7C5BCCB-9CF6-44CB-BFDF-4C72A8305B13}.Release|iPhoneSimulator.ActiveCfg = Release|Any CPU
		{C7C5BCCB-9CF6-44CB-BFDF-4C72A8305B13}.Release|iPhoneSimulator.Build.0 = Release|Any CPU
		{C7C5BCCB-9CF6-44CB-BFDF-4C72A8305B13}.Release|x64.ActiveCfg = Release|Any CPU
		{C7C5BCCB-9CF6-44CB-BFDF-4C72A8305B13}.Release|x64.Build.0 = Release|Any CPU
		{C7C5BCCB-9CF6-44CB-BFDF-4C72A8305B13}.Release|x86.ActiveCfg = Release|Any CPU
		{C7C5BCCB-9CF6-44CB-BFDF-4C72A8305B13}.Release|x86.Build.0 = Release|Any CPU
	EndGlobalSection
	GlobalSection(SolutionProperties) = preSolution
		HideSolutionNode = FALSE
	EndGlobalSection
	GlobalSection(NestedProjects) = preSolution
		{36F8E482-50D6-4078-9997-2C183F69649F} = {E117C5B7-33E6-4684-BAB1-351E6CE643C4}
		{9AADBADD-ED7A-4AFB-9AC8-E2AB4D31B8AF} = {E117C5B7-33E6-4684-BAB1-351E6CE643C4}
		{62024075-D750-4A52-B37B-60301E9CB25A} = {82C8F1EF-E93B-44B8-B0E5-2EC88D38AC0D}
		{C7C5BCCB-9CF6-44CB-BFDF-4C72A8305B13} = {82C8F1EF-E93B-44B8-B0E5-2EC88D38AC0D}
	EndGlobalSection
EndGlobal
